// !$*UTF8*$!
{
	archiveVersion = 1;
	classes = {
	};
	objectVersion = 56;
	objects = {

/* Begin PBXBuildFile section */
		7C76E43D2A5BA3A900C056D0 /* AppDelegate.swift in Sources */ = {isa = PBXBuildFile; fileRef = 7C76E43C2A5BA3A900C056D0 /* AppDelegate.swift */; };
		7C76E43F2A5BA3A900C056D0 /* SceneDelegate.swift in Sources */ = {isa = PBXBuildFile; fileRef = 7C76E43E2A5BA3A900C056D0 /* SceneDelegate.swift */; };
		7C76E4462A5BA3AB00C056D0 /* Assets.xcassets in Resources */ = {isa = PBXBuildFile; fileRef = 7C76E4452A5BA3AB00C056D0 /* Assets.xcassets */; };
		7C76E4492A5BA3AC00C056D0 /* LaunchScreen.storyboard in Resources */ = {isa = PBXBuildFile; fileRef = 7C76E4472A5BA3AB00C056D0 /* LaunchScreen.storyboard */; };
		7C76E4542A5BA3AC00C056D0 /* color_0710Tests.swift in Sources */ = {isa = PBXBuildFile; fileRef = 7C76E4532A5BA3AC00C056D0 /* color_0710Tests.swift */; };
		7C76E45E2A5BA3AC00C056D0 /* color_0710UITests.swift in Sources */ = {isa = PBXBuildFile; fileRef = 7C76E45D2A5BA3AC00C056D0 /* color_0710UITests.swift */; };
		7C76E4602A5BA3AC00C056D0 /* color_0710UITestsLaunchTests.swift in Sources */ = {isa = PBXBuildFile; fileRef = 7C76E45F2A5BA3AC00C056D0 /* color_0710UITestsLaunchTests.swift */; };
		7C76E46E2A5BA51A00C056D0 /* MainViewController.swift in Sources */ = {isa = PBXBuildFile; fileRef = 7C76E46C2A5BA51A00C056D0 /* MainViewController.swift */; };
		7C76E46F2A5BA51A00C056D0 /* MainViewController.xib in Resources */ = {isa = PBXBuildFile; fileRef = 7C76E46D2A5BA51A00C056D0 /* MainViewController.xib */; };
/* End PBXBuildFile section */

/* Begin PBXContainerItemProxy section */
		7C76E4502A5BA3AC00C056D0 /* PBXContainerItemProxy */ = {
			isa = PBXContainerItemProxy;
			containerPortal = 7C76E4312A5BA3A900C056D0 /* Project object */;
			proxyType = 1;
			remoteGlobalIDString = 7C76E4382A5BA3A900C056D0;
			remoteInfo = color_0710;
		};
		7C76E45A2A5BA3AC00C056D0 /* PBXContainerItemProxy */ = {
			isa = PBXContainerItemProxy;
			containerPortal = 7C76E4312A5BA3A900C056D0 /* Project object */;
			proxyType = 1;
			remoteGlobalIDString = 7C76E4382A5BA3A900C056D0;
			remoteInfo = color_0710;
		};
/* End PBXContainerItemProxy section */

/* Begin PBXFileReference section */
		7C76E4392A5BA3A900C056D0 /* color_0710.app */ = {isa = PBXFileReference; explicitFileType = wrapper.application; includeInIndex = 0; path = color_0710.app; sourceTree = BUILT_PRODUCTS_DIR; };
		7C76E43C2A5BA3A900C056D0 /* AppDelegate.swift */ = {isa = PBXFileReference; lastKnownFileType = sourcecode.swift; path = AppDelegate.swift; sourceTree = "<group>"; };
		7C76E43E2A5BA3A900C056D0 /* SceneDelegate.swift */ = {isa = PBXFileReference; lastKnownFileType = sourcecode.swift; path = SceneDelegate.swift; sourceTree = "<group>"; };
		7C76E4452A5BA3AB00C056D0 /* Assets.xcassets */ = {isa = PBXFileReference; lastKnownFileType = folder.assetcatalog; path = Assets.xcassets; sourceTree = "<group>"; };
		7C76E4482A5BA3AB00C056D0 /* Base */ = {isa = PBXFileReference; lastKnownFileType = file.storyboard; name = Base; path = Base.lproj/LaunchScreen.storyboard; sourceTree = "<group>"; };
		7C76E44A2A5BA3AC00C056D0 /* Info.plist */ = {isa = PBXFileReference; lastKnownFileType = text.plist.xml; path = Info.plist; sourceTree = "<group>"; };
		7C76E44F2A5BA3AC00C056D0 /* color_0710Tests.xctest */ = {isa = PBXFileReference; explicitFileType = wrapper.cfbundle; includeInIndex = 0; path = color_0710Tests.xctest; sourceTree = BUILT_PRODUCTS_DIR; };
		7C76E4532A5BA3AC00C056D0 /* color_0710Tests.swift */ = {isa = PBXFileReference; lastKnownFileType = sourcecode.swift; path = color_0710Tests.swift; sourceTree = "<group>"; };
		7C76E4592A5BA3AC00C056D0 /* color_0710UITests.xctest */ = {isa = PBXFileReference; explicitFileType = wrapper.cfbundle; includeInIndex = 0; path = color_0710UITests.xctest; sourceTree = BUILT_PRODUCTS_DIR; };
		7C76E45D2A5BA3AC00C056D0 /* color_0710UITests.swift */ = {isa = PBXFileReference; lastKnownFileType = sourcecode.swift; path = color_0710UITests.swift; sourceTree = "<group>"; };
		7C76E45F2A5BA3AC00C056D0 /* color_0710UITestsLaunchTests.swift */ = {isa = PBXFileReference; lastKnownFileType = sourcecode.swift; path = color_0710UITestsLaunchTests.swift; sourceTree = "<group>"; };
		7C76E46C2A5BA51A00C056D0 /* MainViewController.swift */ = {isa = PBXFileReference; lastKnownFileType = sourcecode.swift; path = MainViewController.swift; sourceTree = "<group>"; };
		7C76E46D2A5BA51A00C056D0 /* MainViewController.xib */ = {isa = PBXFileReference; lastKnownFileType = file.xib; path = MainViewController.xib; sourceTree = "<group>"; };
/* End PBXFileReference section */

/* Begin PBXFrameworksBuildPhase section */
		7C76E4362A5BA3A900C056D0 /* Frameworks */ = {
			isa = PBXFrameworksBuildPhase;
			buildActionMask = 2147483647;
			files = (
			);
			runOnlyForDeploymentPostprocessing = 0;
		};
		7C76E44C2A5BA3AC00C056D0 /* Frameworks */ = {
			isa = PBXFrameworksBuildPhase;
			buildActionMask = 2147483647;
			files = (
			);
			runOnlyForDeploymentPostprocessing = 0;
		};
		7C76E4562A5BA3AC00C056D0 /* Frameworks */ = {
			isa = PBXFrameworksBuildPhase;
			buildActionMask = 2147483647;
			files = (
			);
			runOnlyForDeploymentPostprocessing = 0;
		};
/* End PBXFrameworksBuildPhase section */

/* Begin PBXGroup section */
		7C76E4302A5BA3A900C056D0 = {
			isa = PBXGroup;
			children = (
				7C76E43B2A5BA3A900C056D0 /* color_0710 */,
				7C76E4522A5BA3AC00C056D0 /* color_0710Tests */,
				7C76E45C2A5BA3AC00C056D0 /* color_0710UITests */,
				7C76E43A2A5BA3A900C056D0 /* Products */,
			);
			sourceTree = "<group>";
		};
		7C76E43A2A5BA3A900C056D0 /* Products */ = {
			isa = PBXGroup;
			children = (
				7C76E4392A5BA3A900C056D0 /* color_0710.app */,
				7C76E44F2A5BA3AC00C056D0 /* color_0710Tests.xctest */,
				7C76E4592A5BA3AC00C056D0 /* color_0710UITests.xctest */,
			);
			name = Products;
			sourceTree = "<group>";
		};
		7C76E43B2A5BA3A900C056D0 /* color_0710 */ = {
			isa = PBXGroup;
			children = (
				7C76E43C2A5BA3A900C056D0 /* AppDelegate.swift */,
				7C76E43E2A5BA3A900C056D0 /* SceneDelegate.swift */,
				7C76E4452A5BA3AB00C056D0 /* Assets.xcassets */,
				7C76E4472A5BA3AB00C056D0 /* LaunchScreen.storyboard */,
				7C76E44A2A5BA3AC00C056D0 /* Info.plist */,
				7C76E46C2A5BA51A00C056D0 /* MainViewController.swift */,
				7C76E46D2A5BA51A00C056D0 /* MainViewController.xib */,
			);
			path = color_0710;
			sourceTree = "<group>";
		};
		7C76E4522A5BA3AC00C056D0 /* color_0710Tests */ = {
			isa = PBXGroup;
			children = (
				7C76E4532A5BA3AC00C056D0 /* color_0710Tests.swift */,
			);
			path = color_0710Tests;
			sourceTree = "<group>";
		};
		7C76E45C2A5BA3AC00C056D0 /* color_0710UITests */ = {
			isa = PBXGroup;
			children = (
				7C76E45D2A5BA3AC00C056D0 /* color_0710UITests.swift */,
				7C76E45F2A5BA3AC00C056D0 /* color_0710UITestsLaunchTests.swift */,
			);
			path = color_0710UITests;
			sourceTree = "<group>";
		};
/* End PBXGroup section */

/* Begin PBXNativeTarget section */
		7C76E4382A5BA3A900C056D0 /* color_0710 */ = {
			isa = PBXNativeTarget;
			buildConfigurationList = 7C76E4632A5BA3AC00C056D0 /* Build configuration list for PBXNativeTarget "color_0710" */;
			buildPhases = (
				7C76E4352A5BA3A900C056D0 /* Sources */,
				7C76E4362A5BA3A900C056D0 /* Frameworks */,
				7C76E4372A5BA3A900C056D0 /* Resources */,
			);
			buildRules = (
			);
			dependencies = (
			);
			name = color_0710;
			productName = color_0710;
			productReference = 7C76E4392A5BA3A900C056D0 /* color_0710.app */;
			productType = "com.apple.product-type.application";
		};
		7C76E44E2A5BA3AC00C056D0 /* color_0710Tests */ = {
			isa = PBXNativeTarget;
			buildConfigurationList = 7C76E4662A5BA3AC00C056D0 /* Build configuration list for PBXNativeTarget "color_0710Tests" */;
			buildPhases = (
				7C76E44B2A5BA3AC00C056D0 /* Sources */,
				7C76E44C2A5BA3AC00C056D0 /* Frameworks */,
				7C76E44D2A5BA3AC00C056D0 /* Resources */,
			);
			buildRules = (
			);
			dependencies = (
				7C76E4512A5BA3AC00C056D0 /* PBXTargetDependency */,
			);
			name = color_0710Tests;
			productName = color_0710Tests;
			productReference = 7C76E44F2A5BA3AC00C056D0 /* color_0710Tests.xctest */;
			productType = "com.apple.product-type.bundle.unit-test";
		};
		7C76E4582A5BA3AC00C056D0 /* color_0710UITests */ = {
			isa = PBXNativeTarget;
			buildConfigurationList = 7C76E4692A5BA3AC00C056D0 /* Build configuration list for PBXNativeTarget "color_0710UITests" */;
			buildPhases = (
				7C76E4552A5BA3AC00C056D0 /* Sources */,
				7C76E4562A5BA3AC00C056D0 /* Frameworks */,
				7C76E4572A5BA3AC00C056D0 /* Resources */,
			);
			buildRules = (
			);
			dependencies = (
				7C76E45B2A5BA3AC00C056D0 /* PBXTargetDependency */,
			);
			name = color_0710UITests;
			productName = color_0710UITests;
			productReference = 7C76E4592A5BA3AC00C056D0 /* color_0710UITests.xctest */;
			productType = "com.apple.product-type.bundle.ui-testing";
		};
/* End PBXNativeTarget section */

/* Begin PBXProject section */
		7C76E4312A5BA3A900C056D0 /* Project object */ = {
			isa = PBXProject;
			attributes = {
				BuildIndependentTargetsInParallel = 1;
				LastSwiftUpdateCheck = 1430;
				LastUpgradeCheck = 1430;
				TargetAttributes = {
					7C76E4382A5BA3A900C056D0 = {
						CreatedOnToolsVersion = 14.3.1;
					};
					7C76E44E2A5BA3AC00C056D0 = {
						CreatedOnToolsVersion = 14.3.1;
						TestTargetID = 7C76E4382A5BA3A900C056D0;
					};
					7C76E4582A5BA3AC00C056D0 = {
						CreatedOnToolsVersion = 14.3.1;
						TestTargetID = 7C76E4382A5BA3A900C056D0;
					};
				};
			};
			buildConfigurationList = 7C76E4342A5BA3A900C056D0 /* Build configuration list for PBXProject "color_0710" */;
			compatibilityVersion = "Xcode 14.0";
			developmentRegion = en;
			hasScannedForEncodings = 0;
			knownRegions = (
				en,
				Base,
			);
			mainGroup = 7C76E4302A5BA3A900C056D0;
			productRefGroup = 7C76E43A2A5BA3A900C056D0 /* Products */;
			projectDirPath = "";
			projectRoot = "";
			targets = (
				7C76E4382A5BA3A900C056D0 /* color_0710 */,
				7C76E44E2A5BA3AC00C056D0 /* color_0710Tests */,
				7C76E4582A5BA3AC00C056D0 /* color_0710UITests */,
			);
		};
/* End PBXProject section */

/* Begin PBXResourcesBuildPhase section */
		7C76E4372A5BA3A900C056D0 /* Resources */ = {
			isa = PBXResourcesBuildPhase;
			buildActionMask = 2147483647;
			files = (
				7C76E4492A5BA3AC00C056D0 /* LaunchScreen.storyboard in Resources */,
				7C76E46F2A5BA51A00C056D0 /* MainViewController.xib in Resources */,
				7C76E4462A5BA3AB00C056D0 /* Assets.xcassets in Resources */,
			);
			runOnlyForDeploymentPostprocessing = 0;
		};
		7C76E44D2A5BA3AC00C056D0 /* Resources */ = {
			isa = PBXResourcesBuildPhase;
			buildActionMask = 2147483647;
			files = (
			);
			runOnlyForDeploymentPostprocessing = 0;
		};
		7C76E4572A5BA3AC00C056D0 /* Resources */ = {
			isa = PBXResourcesBuildPhase;
			buildActionMask = 2147483647;
			files = (
			);
			runOnlyForDeploymentPostprocessing = 0;
		};
/* End PBXResourcesBuildPhase section */

/* Begin PBXSourcesBuildPhase section */
		7C76E4352A5BA3A900C056D0 /* Sources */ = {
			isa = PBXSourcesBuildPhase;
			buildActionMask = 2147483647;
			files = (
				7C76E46E2A5BA51A00C056D0 /* MainViewController.swift in Sources */,
				7C76E43D2A5BA3A900C056D0 /* AppDelegate.swift in Sources */,
				7C76E43F2A5BA3A900C056D0 /* SceneDelegate.swift in Sources */,
			);
			runOnlyForDeploymentPostprocessing = 0;
		};
		7C76E44B2A5BA3AC00C056D0 /* Sources */ = {
			isa = PBXSourcesBuildPhase;
			buildActionMask = 2147483647;
			files = (
				7C76E4542A5BA3AC00C056D0 /* color_0710Tests.swift in Sources */,
			);
			runOnlyForDeploymentPostprocessing = 0;
		};
		7C76E4552A5BA3AC00C056D0 /* Sources */ = {
			isa = PBXSourcesBuildPhase;
			buildActionMask = 2147483647;
			files = (
				7C76E4602A5BA3AC00C056D0 /* color_0710UITestsLaunchTests.swift in Sources */,
				7C76E45E2A5BA3AC00C056D0 /* color_0710UITests.swift in Sources */,
			);
			runOnlyForDeploymentPostprocessing = 0;
		};
/* End PBXSourcesBuildPhase section */

/* Begin PBXTargetDependency section */
		7C76E4512A5BA3AC00C056D0 /* PBXTargetDependency */ = {
			isa = PBXTargetDependency;
			target = 7C76E4382A5BA3A900C056D0 /* color_0710 */;
			targetProxy = 7C76E4502A5BA3AC00C056D0 /* PBXContainerItemProxy */;
		};
		7C76E45B2A5BA3AC00C056D0 /* PBXTargetDependency */ = {
			isa = PBXTargetDependency;
			target = 7C76E4382A5BA3A900C056D0 /* color_0710 */;
			targetProxy = 7C76E45A2A5BA3AC00C056D0 /* PBXContainerItemProxy */;
		};
/* End PBXTargetDependency section */

/* Begin PBXVariantGroup section */
		7C76E4472A5BA3AB00C056D0 /* LaunchScreen.storyboard */ = {
			isa = PBXVariantGroup;
			children = (
				7C76E4482A5BA3AB00C056D0 /* Base */,
			);
			name = LaunchScreen.storyboard;
			sourceTree = "<group>";
		};
/* End PBXVariantGroup section */

/* Begin XCBuildConfiguration section */
		7C76E4612A5BA3AC00C056D0 /* Debug */ = {
			isa = XCBuildConfiguration;
			buildSettings = {
				ALWAYS_SEARCH_USER_PATHS = NO;
				CLANG_ANALYZER_NONNULL = YES;
				CLANG_ANALYZER_NUMBER_OBJECT_CONVERSION = YES_AGGRESSIVE;
				CLANG_CXX_LANGUAGE_STANDARD = "gnu++20";
				CLANG_ENABLE_MODULES = YES;
				CLANG_ENABLE_OBJC_ARC = YES;
				CLANG_ENABLE_OBJC_WEAK = YES;
				CLANG_WARN_BLOCK_CAPTURE_AUTORELEASING = YES;
				CLANG_WARN_BOOL_CONVERSION = YES;
				CLANG_WARN_COMMA = YES;
				CLANG_WARN_CONSTANT_CONVERSION = YES;
				CLANG_WARN_DEPRECATED_OBJC_IMPLEMENTATIONS = YES;
				CLANG_WARN_DIRECT_OBJC_ISA_USAGE = YES_ERROR;
				CLANG_WARN_DOCUMENTATION_COMMENTS = YES;
				CLANG_WARN_EMPTY_BODY = YES;
				CLANG_WARN_ENUM_CONVERSION = YES;
				CLANG_WARN_INFINITE_RECURSION = YES;
				CLANG_WARN_INT_CONVERSION = YES;
				CLANG_WARN_NON_LITERAL_NULL_CONVERSION = YES;
				CLANG_WARN_OBJC_IMPLICIT_RETAIN_SELF = YES;
				CLANG_WARN_OBJC_LITERAL_CONVERSION = YES;
				CLANG_WARN_OBJC_ROOT_CLASS = YES_ERROR;
				CLANG_WARN_QUOTED_INCLUDE_IN_FRAMEWORK_HEADER = YES;
				CLANG_WARN_RANGE_LOOP_ANALYSIS = YES;
				CLANG_WARN_STRICT_PROTOTYPES = YES;
				CLANG_WARN_SUSPICIOUS_MOVE = YES;
				CLANG_WARN_UNGUARDED_AVAILABILITY = YES_AGGRESSIVE;
				CLANG_WARN_UNREACHABLE_CODE = YES;
				CLANG_WARN__DUPLICATE_METHOD_MATCH = YES;
				COPY_PHASE_STRIP = NO;
				DEBUG_INFORMATION_FORMAT = dwarf;
				ENABLE_STRICT_OBJC_MSGSEND = YES;
				ENABLE_TESTABILITY = YES;
				GCC_C_LANGUAGE_STANDARD = gnu11;
				GCC_DYNAMIC_NO_PIC = NO;
				GCC_NO_COMMON_BLOCKS = YES;
				GCC_OPTIMIZATION_LEVEL = 0;
				GCC_PREPROCESSOR_DEFINITIONS = (
					"DEBUG=1",
					"$(inherited)",
				);
				GCC_WARN_64_TO_32_BIT_CONVERSION = YES;
				GCC_WARN_ABOUT_RETURN_TYPE = YES_ERROR;
				GCC_WARN_UNDECLARED_SELECTOR = YES;
				GCC_WARN_UNINITIALIZED_AUTOS = YES_AGGRESSIVE;
				GCC_WARN_UNUSED_FUNCTION = YES;
				GCC_WARN_UNUSED_VARIABLE = YES;
				IPHONEOS_DEPLOYMENT_TARGET = 16.4;
				MTL_ENABLE_DEBUG_INFO = INCLUDE_SOURCE;
				MTL_FAST_MATH = YES;
				ONLY_ACTIVE_ARCH = YES;
				SDKROOT = iphoneos;
				SWIFT_ACTIVE_COMPILATION_CONDITIONS = DEBUG;
				SWIFT_OPTIMIZATION_LEVEL = "-Onone";
			};
			name = Debug;
		};
		7C76E4622A5BA3AC00C056D0 /* Release */ = {
			isa = XCBuildConfiguration;
			buildSettings = {
				ALWAYS_SEARCH_USER_PATHS = NO;
				CLANG_ANALYZER_NONNULL = YES;
				CLANG_ANALYZER_NUMBER_OBJECT_CONVERSION = YES_AGGRESSIVE;
				CLANG_CXX_LANGUAGE_STANDARD = "gnu++20";
				CLANG_ENABLE_MODULES = YES;
				CLANG_ENABLE_OBJC_ARC = YES;
				CLANG_ENABLE_OBJC_WEAK = YES;
				CLANG_WARN_BLOCK_CAPTURE_AUTORELEASING = YES;
				CLANG_WARN_BOOL_CONVERSION = YES;
				CLANG_WARN_COMMA = YES;
				CLANG_WARN_CONSTANT_CONVERSION = YES;
				CLANG_WARN_DEPRECATED_OBJC_IMPLEMENTATIONS = YES;
				CLANG_WARN_DIRECT_OBJC_ISA_USAGE = YES_ERROR;
				CLANG_WARN_DOCUMENTATION_COMMENTS = YES;
				CLANG_WARN_EMPTY_BODY = YES;
				CLANG_WARN_ENUM_CONVERSION = YES;
				CLANG_WARN_INFINITE_RECURSION = YES;
				CLANG_WARN_INT_CONVERSION = YES;
				CLANG_WARN_NON_LITERAL_NULL_CONVERSION = YES;
				CLANG_WARN_OBJC_IMPLICIT_RETAIN_SELF = YES;
				CLANG_WARN_OBJC_LITERAL_CONVERSION = YES;
				CLANG_WARN_OBJC_ROOT_CLASS = YES_ERROR;
				CLANG_WARN_QUOTED_INCLUDE_IN_FRAMEWORK_HEADER = YES;
				CLANG_WARN_RANGE_LOOP_ANALYSIS = YES;
				CLANG_WARN_STRICT_PROTOTYPES = YES;
				CLANG_WARN_SUSPICIOUS_MOVE = YES;
				CLANG_WARN_UNGUARDED_AVAILABILITY = YES_AGGRESSIVE;
				CLANG_WARN_UNREACHABLE_CODE = YES;
				CLANG_WARN__DUPLICATE_METHOD_MATCH = YES;
				COPY_PHASE_STRIP = NO;
				DEBUG_INFORMATION_FORMAT = "dwarf-with-dsym";
				ENABLE_NS_ASSERTIONS = NO;
				ENABLE_STRICT_OBJC_MSGSEND = YES;
				GCC_C_LANGUAGE_STANDARD = gnu11;
				GCC_NO_COMMON_BLOCKS = YES;
				GCC_WARN_64_TO_32_BIT_CONVERSION = YES;
				GCC_WARN_ABOUT_RETURN_TYPE = YES_ERROR;
				GCC_WARN_UNDECLARED_SELECTOR = YES;
				GCC_WARN_UNINITIALIZED_AUTOS = YES_AGGRESSIVE;
				GCC_WARN_UNUSED_FUNCTION = YES;
				GCC_WARN_UNUSED_VARIABLE = YES;
				IPHONEOS_DEPLOYMENT_TARGET = 16.4;
				MTL_ENABLE_DEBUG_INFO = NO;
				MTL_FAST_MATH = YES;
				SDKROOT = iphoneos;
				SWIFT_COMPILATION_MODE = wholemodule;
				SWIFT_OPTIMIZATION_LEVEL = "-O";
				VALIDATE_PRODUCT = YES;
			};
			name = Release;
		};
		7C76E4642A5BA3AC00C056D0 /* Debug */ = {
			isa = XCBuildConfiguration;
			buildSettings = {
				ASSETCATALOG_COMPILER_APPICON_NAME = AppIcon;
				ASSETCATALOG_COMPILER_GLOBAL_ACCENT_COLOR_NAME = AccentColor;
				CODE_SIGN_STYLE = Automatic;
				CURRENT_PROJECT_VERSION = 1;
				DEVELOPMENT_TEAM = S8FBP4YLUA;
				GENERATE_INFOPLIST_FILE = YES;
				INFOPLIST_FILE = color_0710/Info.plist;
				INFOPLIST_KEY_UIApplicationSupportsIndirectInputEvents = YES;
				INFOPLIST_KEY_UILaunchStoryboardName = LaunchScreen;
				INFOPLIST_KEY_UISupportedInterfaceOrientations_iPad = "UIInterfaceOrientationPortrait UIInterfaceOrientationPortraitUpsideDown UIInterfaceOrientationLandscapeLeft UIInterfaceOrientationLandscapeRight";
				INFOPLIST_KEY_UISupportedInterfaceOrientations_iPhone = "UIInterfaceOrientationPortrait UIInterfaceOrientationLandscapeLeft UIInterfaceOrientationLandscapeRight";
				LD_RUNPATH_SEARCH_PATHS = (
					"$(inherited)",
					"@executable_path/Frameworks",
				);
				MARKETING_VERSION = 1.0;
				PRODUCT_BUNDLE_IDENTIFIER = "com.mitjj.color-0710";
				PRODUCT_NAME = "$(TARGET_NAME)";
				SWIFT_EMIT_LOC_STRINGS = YES;
				SWIFT_VERSION = 5.0;
				TARGETED_DEVICE_FAMILY = "1,2";
			};
			name = Debug;
		};
		7C76E4652A5BA3AC00C056D0 /* Release */ = {
			isa = XCBuildConfiguration;
			buildSettings = {
				ASSETCATALOG_COMPILER_APPICON_NAME = AppIcon;
				ASSETCATALOG_COMPILER_GLOBAL_ACCENT_COLOR_NAME = AccentColor;
				CODE_SIGN_STYLE = Automatic;
				CURRENT_PROJECT_VERSION = 1;
				DEVELOPMENT_TEAM = S8FBP4YLUA;
				GENERATE_INFOPLIST_FILE = YES;
				INFOPLIST_FILE = color_0710/Info.plist;
				INFOPLIST_KEY_UIApplicationSupportsIndirectInputEvents = YES;
				INFOPLIST_KEY_UILaunchStoryboardName = LaunchScreen;
				INFOPLIST_KEY_UISupportedInterfaceOrientations_iPad = "UIInterfaceOrientationPortrait UIInterfaceOrientationPortraitUpsideDown UIInterfaceOrientationLandscapeLeft UIInterfaceOrientationLandscapeRight";
				INFOPLIST_KEY_UISupportedInterfaceOrientations_iPhone = "UIInterfaceOrientationPortrait UIInterfaceOrientationLandscapeLeft UIInterfaceOrientationLandscapeRight";
				LD_RUNPATH_SEARCH_PATHS = (
					"$(inherited)",
					"@executable_path/Frameworks",
				);
				MARKETING_VERSION = 1.0;
				PRODUCT_BUNDLE_IDENTIFIER = "com.mitjj.color-0710";
				PRODUCT_NAME = "$(TARGET_NAME)";
				SWIFT_EMIT_LOC_STRINGS = YES;
				SWIFT_VERSION = 5.0;
				TARGETED_DEVICE_FAMILY = "1,2";
			};
			name = Release;
		};
		7C76E4672A5BA3AC00C056D0 /* Debug */ = {
			isa = XCBuildConfiguration;
			buildSettings = {
				ALWAYS_EMBED_SWIFT_STANDARD_LIBRARIES = YES;
				BUNDLE_LOADER = "$(TEST_HOST)";
				CODE_SIGN_STYLE = Automatic;
				CURRENT_PROJECT_VERSION = 1;
				DEVELOPMENT_TEAM = S8FBP4YLUA;
				GENERATE_INFOPLIST_FILE = YES;
				IPHONEOS_DEPLOYMENT_TARGET = 16.4;
				MARKETING_VERSION = 1.0;
				PRODUCT_BUNDLE_IDENTIFIER = "com.mitjj.color-0710Tests";
				PRODUCT_NAME = "$(TARGET_NAME)";
				SWIFT_EMIT_LOC_STRINGS = NO;
				SWIFT_VERSION = 5.0;
				TARGETED_DEVICE_FAMILY = "1,2";
				TEST_HOST = "$(BUILT_PRODUCTS_DIR)/color_0710.app/$(BUNDLE_EXECUTABLE_FOLDER_PATH)/color_0710";
			};
			name = Debug;
		};
		7C76E4682A5BA3AC00C056D0 /* Release */ = {
			isa = XCBuildConfiguration;
			buildSettings = {
				ALWAYS_EMBED_SWIFT_STANDARD_LIBRARIES = YES;
				BUNDLE_LOADER = "$(TEST_HOST)";
				CODE_SIGN_STYLE = Automatic;
				CURRENT_PROJECT_VERSION = 1;
				DEVELOPMENT_TEAM = S8FBP4YLUA;
				GENERATE_INFOPLIST_FILE = YES;
				IPHONEOS_DEPLOYMENT_TARGET = 16.4;
				MARKETING_VERSION = 1.0;
				PRODUCT_BUNDLE_IDENTIFIER = "com.mitjj.color-0710Tests";
				PRODUCT_NAME = "$(TARGET_NAME)";
				SWIFT_EMIT_LOC_STRINGS = NO;
				SWIFT_VERSION = 5.0;
				TARGETED_DEVICE_FAMILY = "1,2";
				TEST_HOST = "$(BUILT_PRODUCTS_DIR)/color_0710.app/$(BUNDLE_EXECUTABLE_FOLDER_PATH)/color_0710";
			};
			name = Release;
		};
		7C76E46A2A5BA3AC00C056D0 /* Debug */ = {
			isa = XCBuildConfiguration;
			buildSettings = {
				ALWAYS_EMBED_SWIFT_STANDARD_LIBRARIES = YES;
				CODE_SIGN_STYLE = Automatic;
				CURRENT_PROJECT_VERSION = 1;
				DEVELOPMENT_TEAM = S8FBP4YLUA;
				GENERATE_INFOPLIST_FILE = YES;
				MARKETING_VERSION = 1.0;
				PRODUCT_BUNDLE_IDENTIFIER = "com.mitjj.color-0710UITests";
				PRODUCT_NAME = "$(TARGET_NAME)";
				SWIFT_EMIT_LOC_STRINGS = NO;
				SWIFT_VERSION = 5.0;
				TARGETED_DEVICE_FAMILY = "1,2";
				TEST_TARGET_NAME = color_0710;
			};
			name = Debug;
		};
		7C76E46B2A5BA3AC00C056D0 /* Release */ = {
			isa = XCBuildConfiguration;
			buildSettings = {
				ALWAYS_EMBED_SWIFT_STANDARD_LIBRARIES = YES;
				CODE_SIGN_STYLE = Automatic;
				CURRENT_PROJECT_VERSION = 1;
				DEVELOPMENT_TEAM = S8FBP4YLUA;
				GENERATE_INFOPLIST_FILE = YES;
				MARKETING_VERSION = 1.0;
				PRODUCT_BUNDLE_IDENTIFIER = "com.mitjj.color-0710UITests";
				PRODUCT_NAME = "$(TARGET_NAME)";
				SWIFT_EMIT_LOC_STRINGS = NO;
				SWIFT_VERSION = 5.0;
				TARGETED_DEVICE_FAMILY = "1,2";
				TEST_TARGET_NAME = color_0710;
			};
			name = Release;
		};
/* End XCBuildConfiguration section */

/* Begin XCConfigurationList section */
		7C76E4342A5BA3A900C056D0 /* Build configuration list for PBXProject "color_0710" */ = {
			isa = XCConfigurationList;
			buildConfigurations = (
				7C76E4612A5BA3AC00C056D0 /* Debug */,
				7C76E4622A5BA3AC00C056D0 /* Release */,
			);
			defaultConfigurationIsVisible = 0;
			defaultConfigurationName = Release;
		};
		7C76E4632A5BA3AC00C056D0 /* Build configuration list for PBXNativeTarget "color_0710" */ = {
			isa = XCConfigurationList;
			buildConfigurations = (
				7C76E4642A5BA3AC00C056D0 /* Debug */,
				7C76E4652A5BA3AC00C056D0 /* Release */,
			);
			defaultConfigurationIsVisible = 0;
			defaultConfigurationName = Release;
		};
		7C76E4662A5BA3AC00C056D0 /* Build configuration list for PBXNativeTarget "color_0710Tests" */ = {
			isa = XCConfigurationList;
			buildConfigurations = (
				7C76E4672A5BA3AC00C056D0 /* Debug */,
				7C76E4682A5BA3AC00C056D0 /* Release */,
			);
			defaultConfigurationIsVisible = 0;
			defaultConfigurationName = Release;
		};
		7C76E4692A5BA3AC00C056D0 /* Build configuration list for PBXNativeTarget "color_0710UITests" */ = {
			isa = XCConfigurationList;
			buildConfigurations = (
				7C76E46A2A5BA3AC00C056D0 /* Debug */,
				7C76E46B2A5BA3AC00C056D0 /* Release */,
			);
			defaultConfigurationIsVisible = 0;
			defaultConfigurationName = Release;
		};
/* End XCConfigurationList section */
	};
	rootObject = 7C76E4312A5BA3A900C056D0 /* Project object */;
}
